// !$*UTF8*$!
{
	archiveVersion = 1;
	classes = {
	};
	objectVersion = 46;
	objects = {

/* Begin PBXBuildFile section */
		B65597991CF06A5500A02348 /* AppDelegate.swift in Sources */ = {isa = PBXBuildFile; fileRef = B65597981CF06A5500A02348 /* AppDelegate.swift */; };
		B655979B1CF06A5500A02348 /* LookupResultsCollectionViewController.swift in Sources */ = {isa = PBXBuildFile; fileRef = B655979A1CF06A5500A02348 /* LookupResultsCollectionViewController.swift */; };
		B655979E1CF06A5500A02348 /* Main.storyboard in Resources */ = {isa = PBXBuildFile; fileRef = B655979C1CF06A5500A02348 /* Main.storyboard */; };
		B65597A01CF06A5500A02348 /* Assets.xcassets in Resources */ = {isa = PBXBuildFile; fileRef = B655979F1CF06A5500A02348 /* Assets.xcassets */; };
		B65597A31CF06A5500A02348 /* LaunchScreen.storyboard in Resources */ = {isa = PBXBuildFile; fileRef = B65597A11CF06A5500A02348 /* LaunchScreen.storyboard */; };
		B65597AF1CF07F3700A02348 /* MainViewController.swift in Sources */ = {isa = PBXBuildFile; fileRef = B65597AE1CF07F3700A02348 /* MainViewController.swift */; };
		B65597B31CF0880C00A02348 /* SearchFieldViewController.swift in Sources */ = {isa = PBXBuildFile; fileRef = B65597B21CF0880C00A02348 /* SearchFieldViewController.swift */; };
		B65597B71CF1DD8000A02348 /* Photo.swift in Sources */ = {isa = PBXBuildFile; fileRef = B65597B61CF1DD8000A02348 /* Photo.swift */; };
		B65597B91CF1EB8500A02348 /* FlickrURLFactory.swift in Sources */ = {isa = PBXBuildFile; fileRef = B65597B81CF1EB8500A02348 /* FlickrURLFactory.swift */; };
		B65597BB1CF1EEEB00A02348 /* FlickrLookup.swift in Sources */ = {isa = PBXBuildFile; fileRef = B65597BA1CF1EEEB00A02348 /* FlickrLookup.swift */; };
		B65597BD1CF23CA400A02348 /* LookupResultsCollectionViewCell.swift in Sources */ = {isa = PBXBuildFile; fileRef = B65597BC1CF23CA400A02348 /* LookupResultsCollectionViewCell.swift */; };
		B65597BE1CF24FA000A02348 /* README.md in Resources */ = {isa = PBXBuildFile; fileRef = B65597B01CF084BB00A02348 /* README.md */; };
		B65597C01CF397A600A02348 /* FlickrDataLoader.swift in Sources */ = {isa = PBXBuildFile; fileRef = B65597BF1CF397A600A02348 /* FlickrDataLoader.swift */; };
		B65597C41CF6467C00A02348 /* LookupFullscreenPhotoViewController.swift in Sources */ = {isa = PBXBuildFile; fileRef = B65597C31CF6467C00A02348 /* LookupFullscreenPhotoViewController.swift */; };
		B6D38AF51D061D990019B534 /* PhotoInfo.swift in Sources */ = {isa = PBXBuildFile; fileRef = B6D38AF41D061D990019B534 /* PhotoInfo.swift */; };
		B6E8BB6A1CF9F50B00489F15 /* FlickrDataParserJSON.swift in Sources */ = {isa = PBXBuildFile; fileRef = B6E8BB691CF9F50B00489F15 /* FlickrDataParserJSON.swift */; };
		B6E8BB6D1D03E20900489F15 /* FlickrDataParser.swift in Sources */ = {isa = PBXBuildFile; fileRef = B6E8BB6C1D03E20900489F15 /* FlickrDataParser.swift */; };
/* End PBXBuildFile section */

/* Begin PBXFileReference section */
		B65597951CF06A5500A02348 /* FlickrLookup.app */ = {isa = PBXFileReference; explicitFileType = wrapper.application; includeInIndex = 0; path = FlickrLookup.app; sourceTree = BUILT_PRODUCTS_DIR; };
		B65597981CF06A5500A02348 /* AppDelegate.swift */ = {isa = PBXFileReference; lastKnownFileType = sourcecode.swift; path = AppDelegate.swift; sourceTree = "<group>"; };
		B655979A1CF06A5500A02348 /* LookupResultsCollectionViewController.swift */ = {isa = PBXFileReference; lastKnownFileType = sourcecode.swift; name = LookupResultsCollectionViewController.swift; path = Sources/LookupResultsCollectionViewController.swift; sourceTree = "<group>"; };
		B655979D1CF06A5500A02348 /* Base */ = {isa = PBXFileReference; lastKnownFileType = file.storyboard; name = Base; path = Base.lproj/Main.storyboard; sourceTree = "<group>"; };
		B655979F1CF06A5500A02348 /* Assets.xcassets */ = {isa = PBXFileReference; lastKnownFileType = folder.assetcatalog; path = Assets.xcassets; sourceTree = "<group>"; };
		B65597A21CF06A5500A02348 /* Base */ = {isa = PBXFileReference; lastKnownFileType = file.storyboard; name = Base; path = Base.lproj/LaunchScreen.storyboard; sourceTree = "<group>"; };
		B65597A41CF06A5500A02348 /* Info.plist */ = {isa = PBXFileReference; lastKnownFileType = text.plist.xml; path = Info.plist; sourceTree = "<group>"; };
		B65597AE1CF07F3700A02348 /* MainViewController.swift */ = {isa = PBXFileReference; fileEncoding = 4; lastKnownFileType = sourcecode.swift; name = MainViewController.swift; path = Sources/MainViewController.swift; sourceTree = "<group>"; };
		B65597B01CF084BB00A02348 /* README.md */ = {isa = PBXFileReference; fileEncoding = 4; lastKnownFileType = net.daringfireball.markdown; path = README.md; sourceTree = "<group>"; };
		B65597B21CF0880C00A02348 /* SearchFieldViewController.swift */ = {isa = PBXFileReference; fileEncoding = 4; lastKnownFileType = sourcecode.swift; name = SearchFieldViewController.swift; path = Sources/SearchFieldViewController.swift; sourceTree = "<group>"; };
		B65597B61CF1DD8000A02348 /* Photo.swift */ = {isa = PBXFileReference; fileEncoding = 4; lastKnownFileType = sourcecode.swift; name = Photo.swift; path = Sources/Photo.swift; sourceTree = "<group>"; };
		B65597B81CF1EB8500A02348 /* FlickrURLFactory.swift */ = {isa = PBXFileReference; fileEncoding = 4; lastKnownFileType = sourcecode.swift; name = FlickrURLFactory.swift; path = Sources/FlickrURLFactory.swift; sourceTree = "<group>"; };
		B65597BA1CF1EEEB00A02348 /* FlickrLookup.swift */ = {isa = PBXFileReference; fileEncoding = 4; lastKnownFileType = sourcecode.swift; name = FlickrLookup.swift; path = Sources/FlickrLookup.swift; sourceTree = "<group>"; };
		B65597BC1CF23CA400A02348 /* LookupResultsCollectionViewCell.swift */ = {isa = PBXFileReference; fileEncoding = 4; lastKnownFileType = sourcecode.swift; name = LookupResultsCollectionViewCell.swift; path = Sources/LookupResultsCollectionViewCell.swift; sourceTree = "<group>"; };
		B65597BF1CF397A600A02348 /* FlickrDataLoader.swift */ = {isa = PBXFileReference; fileEncoding = 4; lastKnownFileType = sourcecode.swift; name = FlickrDataLoader.swift; path = Sources/FlickrDataLoader.swift; sourceTree = "<group>"; };
		B65597C31CF6467C00A02348 /* LookupFullscreenPhotoViewController.swift */ = {isa = PBXFileReference; fileEncoding = 4; lastKnownFileType = sourcecode.swift; name = LookupFullscreenPhotoViewController.swift; path = Sources/LookupFullscreenPhotoViewController.swift; sourceTree = "<group>"; };
		B6D38AF41D061D990019B534 /* PhotoInfo.swift */ = {isa = PBXFileReference; fileEncoding = 4; lastKnownFileType = sourcecode.swift; name = PhotoInfo.swift; path = Sources/PhotoInfo.swift; sourceTree = "<group>"; };
		B6E8BB691CF9F50B00489F15 /* FlickrDataParserJSON.swift */ = {isa = PBXFileReference; fileEncoding = 4; lastKnownFileType = sourcecode.swift; name = FlickrDataParserJSON.swift; path = Sources/FlickrDataParserJSON.swift; sourceTree = "<group>"; };
		B6E8BB6C1D03E20900489F15 /* FlickrDataParser.swift */ = {isa = PBXFileReference; fileEncoding = 4; lastKnownFileType = sourcecode.swift; name = FlickrDataParser.swift; path = Sources/FlickrDataParser.swift; sourceTree = "<group>"; };
/* End PBXFileReference section */

/* Begin PBXFrameworksBuildPhase section */
		B65597921CF06A5500A02348 /* Frameworks */ = {
			isa = PBXFrameworksBuildPhase;
			buildActionMask = 2147483647;
			files = (
			);
			runOnlyForDeploymentPostprocessing = 0;
		};
/* End PBXFrameworksBuildPhase section */

/* Begin PBXGroup section */
		B655978C1CF06A5400A02348 = {
			isa = PBXGroup;
			children = (
				B65597B01CF084BB00A02348 /* README.md */,
				B65597971CF06A5500A02348 /* FlickrLookup */,
				B65597961CF06A5500A02348 /* Products */,
			);
			sourceTree = "<group>";
		};
		B65597961CF06A5500A02348 /* Products */ = {
			isa = PBXGroup;
			children = (
				B65597951CF06A5500A02348 /* FlickrLookup.app */,
			);
			name = Products;
			sourceTree = "<group>";
		};
		B65597971CF06A5500A02348 /* FlickrLookup */ = {
			isa = PBXGroup;
			children = (
				B65597981CF06A5500A02348 /* AppDelegate.swift */,
				B65597AA1CF079F700A02348 /* Controllers */,
				B65597B51CF1DD3700A02348 /* FlickrService */,
				B65597B41CF1DD3000A02348 /* Data */,
				B65597AB1CF07A1300A02348 /* Resources */,
			);
			path = FlickrLookup;
			sourceTree = "<group>";
		};
		B65597AA1CF079F700A02348 /* Controllers */ = {
			isa = PBXGroup;
			children = (
				B65597AE1CF07F3700A02348 /* MainViewController.swift */,
				B65597B21CF0880C00A02348 /* SearchFieldViewController.swift */,
				B655979A1CF06A5500A02348 /* LookupResultsCollectionViewController.swift */,
				B65597BC1CF23CA400A02348 /* LookupResultsCollectionViewCell.swift */,
				B65597C31CF6467C00A02348 /* LookupFullscreenPhotoViewController.swift */,
			);
			name = Controllers;
			sourceTree = "<group>";
		};
		B65597AB1CF07A1300A02348 /* Resources */ = {
			isa = PBXGroup;
			children = (
				B65597A41CF06A5500A02348 /* Info.plist */,
				B655979C1CF06A5500A02348 /* Main.storyboard */,
				B655979F1CF06A5500A02348 /* Assets.xcassets */,
				B65597A11CF06A5500A02348 /* LaunchScreen.storyboard */,
			);
			name = Resources;
			sourceTree = "<group>";
		};
		B65597B41CF1DD3000A02348 /* Data */ = {
			isa = PBXGroup;
			children = (
				B65597B61CF1DD8000A02348 /* Photo.swift */,
				B6D38AF41D061D990019B534 /* PhotoInfo.swift */,
			);
			name = Data;
			sourceTree = "<group>";
		};
		B65597B51CF1DD3700A02348 /* FlickrService */ = {
			isa = PBXGroup;
			children = (
				B65597B81CF1EB8500A02348 /* FlickrURLFactory.swift */,
				B65597BA1CF1EEEB00A02348 /* FlickrLookup.swift */,
				B65597BF1CF397A600A02348 /* FlickrDataLoader.swift */,
				B6E8BB6B1D03E1C800489F15 /* Parser */,
			);
			name = FlickrService;
			sourceTree = "<group>";
		};
		B6E8BB6B1D03E1C800489F15 /* Parser */ = {
			isa = PBXGroup;
			children = (
				B6E8BB6C1D03E20900489F15 /* FlickrDataParser.swift */,
				B6E8BB691CF9F50B00489F15 /* FlickrDataParserJSON.swift */,
			);
			name = Parser;
			sourceTree = "<group>";
		};
/* End PBXGroup section */

/* Begin PBXNativeTarget section */
		B65597941CF06A5500A02348 /* FlickrLookup */ = {
			isa = PBXNativeTarget;
			buildConfigurationList = B65597A71CF06A5500A02348 /* Build configuration list for PBXNativeTarget "FlickrLookup" */;
			buildPhases = (
				B65597911CF06A5500A02348 /* Sources */,
				B65597921CF06A5500A02348 /* Frameworks */,
				B65597931CF06A5500A02348 /* Resources */,
			);
			buildRules = (
			);
			dependencies = (
			);
			name = FlickrLookup;
			productName = FlickrLookup;
			productReference = B65597951CF06A5500A02348 /* FlickrLookup.app */;
			productType = "com.apple.product-type.application";
		};
/* End PBXNativeTarget section */

/* Begin PBXProject section */
		B655978D1CF06A5400A02348 /* Project object */ = {
			isa = PBXProject;
			attributes = {
				LastSwiftUpdateCheck = 0730;
				LastUpgradeCheck = 0730;
				ORGANIZATIONNAME = HomeSweetHome;
				TargetAttributes = {
					B65597941CF06A5500A02348 = {
						CreatedOnToolsVersion = 7.3.1;
					};
				};
			};
			buildConfigurationList = B65597901CF06A5400A02348 /* Build configuration list for PBXProject "FlickrLookup" */;
			compatibilityVersion = "Xcode 3.2";
			developmentRegion = English;
			hasScannedForEncodings = 0;
			knownRegions = (
				en,
				Base,
			);
			mainGroup = B655978C1CF06A5400A02348;
			productRefGroup = B65597961CF06A5500A02348 /* Products */;
			projectDirPath = "";
			projectRoot = "";
			targets = (
				B65597941CF06A5500A02348 /* FlickrLookup */,
			);
		};
/* End PBXProject section */

/* Begin PBXResourcesBuildPhase section */
		B65597931CF06A5500A02348 /* Resources */ = {
			isa = PBXResourcesBuildPhase;
			buildActionMask = 2147483647;
			files = (
				B65597BE1CF24FA000A02348 /* README.md in Resources */,
				B65597A31CF06A5500A02348 /* LaunchScreen.storyboard in Resources */,
				B65597A01CF06A5500A02348 /* Assets.xcassets in Resources */,
				B655979E1CF06A5500A02348 /* Main.storyboard in Resources */,
			);
			runOnlyForDeploymentPostprocessing = 0;
		};
/* End PBXResourcesBuildPhase section */

/* Begin PBXSourcesBuildPhase section */
		B65597911CF06A5500A02348 /* Sources */ = {
			isa = PBXSourcesBuildPhase;
			buildActionMask = 2147483647;
			files = (
				B65597C01CF397A600A02348 /* FlickrDataLoader.swift in Sources */,
				B6E8BB6D1D03E20900489F15 /* FlickrDataParser.swift in Sources */,
				B65597BD1CF23CA400A02348 /* LookupResultsCollectionViewCell.swift in Sources */,
				B65597B71CF1DD8000A02348 /* Photo.swift in Sources */,
				B6D38AF51D061D990019B534 /* PhotoInfo.swift in Sources */,
				B65597B91CF1EB8500A02348 /* FlickrURLFactory.swift in Sources */,
				B65597C41CF6467C00A02348 /* LookupFullscreenPhotoViewController.swift in Sources */,
				B65597BB1CF1EEEB00A02348 /* FlickrLookup.swift in Sources */,
				B6E8BB6A1CF9F50B00489F15 /* FlickrDataParserJSON.swift in Sources */,
				B65597B31CF0880C00A02348 /* SearchFieldViewController.swift in Sources */,
				B655979B1CF06A5500A02348 /* LookupResultsCollectionViewController.swift in Sources */,
				B65597991CF06A5500A02348 /* AppDelegate.swift in Sources */,
				B65597AF1CF07F3700A02348 /* MainViewController.swift in Sources */,
			);
			runOnlyForDeploymentPostprocessing = 0;
		};
/* End PBXSourcesBuildPhase section */

/* Begin PBXVariantGroup section */
		B655979C1CF06A5500A02348 /* Main.storyboard */ = {
			isa = PBXVariantGroup;
			children = (
				B655979D1CF06A5500A02348 /* Base */,
			);
			name = Main.storyboard;
			sourceTree = "<group>";
		};
		B65597A11CF06A5500A02348 /* LaunchScreen.storyboard */ = {
			isa = PBXVariantGroup;
			children = (
				B65597A21CF06A5500A02348 /* Base */,
			);
			name = LaunchScreen.storyboard;
			sourceTree = "<group>";
		};
/* End PBXVariantGroup section */

/* Begin XCBuildConfiguration section */
		B65597A51CF06A5500A02348 /* Debug */ = {
			isa = XCBuildConfiguration;
			buildSettings = {
				ALWAYS_SEARCH_USER_PATHS = NO;
				CLANG_ANALYZER_NONNULL = YES;
				CLANG_CXX_LANGUAGE_STANDARD = "gnu++0x";
				CLANG_CXX_LIBRARY = "libc++";
				CLANG_ENABLE_MODULES = YES;
				CLANG_ENABLE_OBJC_ARC = YES;
				CLANG_WARN_BOOL_CONVERSION = YES;
				CLANG_WARN_CONSTANT_CONVERSION = YES;
				CLANG_WARN_DIRECT_OBJC_ISA_USAGE = YES_ERROR;
				CLANG_WARN_EMPTY_BODY = YES;
				CLANG_WARN_ENUM_CONVERSION = YES;
				CLANG_WARN_INT_CONVERSION = YES;
				CLANG_WARN_OBJC_ROOT_CLASS = YES_ERROR;
				CLANG_WARN_UNREACHABLE_CODE = YES;
				CLANG_WARN__DUPLICATE_METHOD_MATCH = YES;
				"CODE_SIGN_IDENTITY[sdk=iphoneos*]" = "iPhone Developer";
				COPY_PHASE_STRIP = NO;
				DEBUG_INFORMATION_FORMAT = dwarf;
				ENABLE_STRICT_OBJC_MSGSEND = YES;
				ENABLE_TESTABILITY = YES;
				GCC_C_LANGUAGE_STANDARD = gnu99;
				GCC_DYNAMIC_NO_PIC = NO;
				GCC_NO_COMMON_BLOCKS = YES;
				GCC_OPTIMIZATION_LEVEL = 0;
				GCC_PREPROCESSOR_DEFINITIONS = (
					"DEBUG=1",
					"$(inherited)",
				);
				GCC_WARN_64_TO_32_BIT_CONVERSION = YES;
				GCC_WARN_ABOUT_RETURN_TYPE = YES_ERROR;
				GCC_WARN_UNDECLARED_SELECTOR = YES;
				GCC_WARN_UNINITIALIZED_AUTOS = YES_AGGRESSIVE;
				GCC_WARN_UNUSED_FUNCTION = YES;
				GCC_WARN_UNUSED_VARIABLE = YES;
				IPHONEOS_DEPLOYMENT_TARGET = 9.3;
				MTL_ENABLE_DEBUG_INFO = YES;
				ONLY_ACTIVE_ARCH = YES;
				SDKROOT = iphoneos;
				SWIFT_OPTIMIZATION_LEVEL = "-Onone";
			};
			name = Debug;
		};
		B65597A61CF06A5500A02348 /* Release */ = {
			isa = XCBuildConfiguration;
			buildSettings = {
				ALWAYS_SEARCH_USER_PATHS = NO;
				CLANG_ANALYZER_NONNULL = YES;
				CLANG_CXX_LANGUAGE_STANDARD = "gnu++0x";
				CLANG_CXX_LIBRARY = "libc++";
				CLANG_ENABLE_MODULES = YES;
				CLANG_ENABLE_OBJC_ARC = YES;
				CLANG_WARN_BOOL_CONVERSION = YES;
				CLANG_WARN_CONSTANT_CONVERSION = YES;
				CLANG_WARN_DIRECT_OBJC_ISA_USAGE = YES_ERROR;
				CLANG_WARN_EMPTY_BODY = YES;
				CLANG_WARN_ENUM_CONVERSION = YES;
				CLANG_WARN_INT_CONVERSION = YES;
				CLANG_WARN_OBJC_ROOT_CLASS = YES_ERROR;
				CLANG_WARN_UNREACHABLE_CODE = YES;
				CLANG_WARN__DUPLICATE_METHOD_MATCH = YES;
				"CODE_SIGN_IDENTITY[sdk=iphoneos*]" = "iPhone Developer";
				COPY_PHASE_STRIP = NO;
				DEBUG_INFORMATION_FORMAT = "dwarf-with-dsym";
				ENABLE_NS_ASSERTIONS = NO;
				ENABLE_STRICT_OBJC_MSGSEND = YES;
				GCC_C_LANGUAGE_STANDARD = gnu99;
				GCC_NO_COMMON_BLOCKS = YES;
				GCC_WARN_64_TO_32_BIT_CONVERSION = YES;
				GCC_WARN_ABOUT_RETURN_TYPE = YES_ERROR;
				GCC_WARN_UNDECLARED_SELECTOR = YES;
				GCC_WARN_UNINITIALIZED_AUTOS = YES_AGGRESSIVE;
				GCC_WARN_UNUSED_FUNCTION = YES;
				GCC_WARN_UNUSED_VARIABLE = YES;
				IPHONEOS_DEPLOYMENT_TARGET = 9.3;
				MTL_ENABLE_DEBUG_INFO = NO;
				SDKROOT = iphoneos;
				VALIDATE_PRODUCT = YES;
			};
			name = Release;
		};
		B65597A81CF06A5500A02348 /* Debug */ = {
			isa = XCBuildConfiguration;
			buildSettings = {
				ASSETCATALOG_COMPILER_APPICON_NAME = AppIcon;
				INFOPLIST_FILE = FlickrLookup/Info.plist;
				LD_RUNPATH_SEARCH_PATHS = "$(inherited) @executable_path/Frameworks";
				PRODUCT_BUNDLE_IDENTIFIER = com.homesweethome.FlickrLookup;
				PRODUCT_NAME = "$(TARGET_NAME)";
			};
			name = Debug;
		};
		B65597A91CF06A5500A02348 /* Release */ = {
			isa = XCBuildConfiguration;
			buildSettings = {
				ASSETCATALOG_COMPILER_APPICON_NAME = AppIcon;
				INFOPLIST_FILE = FlickrLookup/Info.plist;
				LD_RUNPATH_SEARCH_PATHS = "$(inherited) @executable_path/Frameworks";
				PRODUCT_BUNDLE_IDENTIFIER = com.homesweethome.FlickrLookup;
				PRODUCT_NAME = "$(TARGET_NAME)";
			};
			name = Release;
		};
/* End XCBuildConfiguration section */

/* Begin XCConfigurationList section */
		B65597901CF06A5400A02348 /* Build configuration list for PBXProject "FlickrLookup" */ = {
			isa = XCConfigurationList;
			buildConfigurations = (
				B65597A51CF06A5500A02348 /* Debug */,
				B65597A61CF06A5500A02348 /* Release */,
			);
			defaultConfigurationIsVisible = 0;
			defaultConfigurationName = Release;
		};
		B65597A71CF06A5500A02348 /* Build configuration list for PBXNativeTarget "FlickrLookup" */ = {
			isa = XCConfigurationList;
			buildConfigurations = (
				B65597A81CF06A5500A02348 /* Debug */,
				B65597A91CF06A5500A02348 /* Release */,
			);
			defaultConfigurationIsVisible = 0;
			defaultConfigurationName = Release;
		};
/* End XCConfigurationList section */
	};
	rootObject = B655978D1CF06A5400A02348 /* Project object */;
}
